
Microsoft Visual Studio Solution File, Format Version 12.00
# Visual Studio 15
VisualStudioVersion = 15.0.28307.645
MinimumVisualStudioVersion = 10.0.40219.1
Project("{9A19103F-16F7-4668-BE54-9A1E7A4F7556}") = "Post Surfer", "WebApplication1\Post Surfer.csproj", "{2A61562A-7B0C-470A-B02E-AE8953B66F80}"
EndProject
Global
	GlobalSection(SolutionConfigurationPlatforms) = preSolution
		Debug|Any CPU = Debug|Any CPU
		Release|Any CPU = Release|Any CPU
	EndGlobalSection
	GlobalSection(ProjectConfigurationPlatforms) = postSolution
		{2A61562A-7B0C-470A-B02E-AE8953B66F80}.Debug|Any CPU.ActiveCfg = Debug|Any CPU
		{2A61562A-7B0C-470A-B02E-AE8953B66F80}.Debug|Any CPU.Build.0 = Debug|Any CPU
		{2A61562A-7B0C-470A-B02E-AE8953B66F80}.Release|Any CPU.ActiveCfg = Release|Any CPU
		{2A61562A-7B0C-470A-B02E-AE8953B66F80}.Release|Any CPU.Build.0 = Release|Any CPU
	EndGlobalSection
	GlobalSection(SolutionProperties) = preSolution
		HideSolutionNode = FALSE
	EndGlobalSection
	GlobalSection(ExtensibilityGlobals) = postSolution
		SolutionGuid = {8CD0E8E6-FA6A-47A8-9D25-77AA63E746C9}
	EndGlobalSection
EndGlobal
